<?xml version="1.0" encoding="utf-8"?>
<Project ToolsVersion="18.0" xmlns="http://schemas.microsoft.com/developer/msbuild/2003">
  <ItemGroup>
    <CustomBuild Include="C:\Users\micha\source\repos\MyEngine\build_x64\CMakeFiles\94e38e7dcb4dd3553e276f3690f32d76\generate.stamp.rule">
      <Filter>CMake Rules</Filter>
    </CustomBuild>
  </ItemGroup>
  <ItemGroup>
    <Filter Include="CMake Rules">
      <UniqueIdentifier>{DB71C236-4BC4-34DE-B7F9-E7661E4B5E94}</UniqueIdentifier>
    </Filter>
  </ItemGroup>
</Project>
